// !$*UTF8*$!
{
	archiveVersion = 1;
	classes = {
	};
	objectVersion = 56;
	objects = {

/* Begin PBXBuildFile section */
		AFD3B00E2B2BBA05000BE69F /* AppDelegate.swift in Sources */ = {isa = PBXBuildFile; fileRef = AFD3B00D2B2BBA05000BE69F /* AppDelegate.swift */; };
		AFD3B0102B2BBA05000BE69F /* SceneDelegate.swift in Sources */ = {isa = PBXBuildFile; fileRef = AFD3B00F2B2BBA05000BE69F /* SceneDelegate.swift */; };
		AFD3B0122B2BBA05000BE69F /* ViewController.swift in Sources */ = {isa = PBXBuildFile; fileRef = AFD3B0112B2BBA05000BE69F /* ViewController.swift */; };
		AFD3B0152B2BBA05000BE69F /* Main.storyboard in Resources */ = {isa = PBXBuildFile; fileRef = AFD3B0132B2BBA05000BE69F /* Main.storyboard */; };
		AFD3B0172B2BBA07000BE69F /* Assets.xcassets in Resources */ = {isa = PBXBuildFile; fileRef = AFD3B0162B2BBA07000BE69F /* Assets.xcassets */; };
		AFD3B01A2B2BBA07000BE69F /* LaunchScreen.storyboard in Resources */ = {isa = PBXBuildFile; fileRef = AFD3B0182B2BBA07000BE69F /* LaunchScreen.storyboard */; };
		AFD3B0222B2BD16B000BE69F /* NamePhoneNumberViewController.swift in Sources */ = {isa = PBXBuildFile; fileRef = AFD3B0212B2BD16B000BE69F /* NamePhoneNumberViewController.swift */; };
		AFD3B0242B2BED28000BE69F /* SendNamePhoneNumberDelegate.swift in Sources */ = {isa = PBXBuildFile; fileRef = AFD3B0232B2BED27000BE69F /* SendNamePhoneNumberDelegate.swift */; };
/* End PBXBuildFile section */

/* Begin PBXFileReference section */
		AFD3B00A2B2BBA05000BE69F /* NamePhoneNumberProtocolDelegate.app */ = {isa = PBXFileReference; explicitFileType = wrapper.application; includeInIndex = 0; path = NamePhoneNumberProtocolDelegate.app; sourceTree = BUILT_PRODUCTS_DIR; };
		AFD3B00D2B2BBA05000BE69F /* AppDelegate.swift */ = {isa = PBXFileReference; lastKnownFileType = sourcecode.swift; path = AppDelegate.swift; sourceTree = "<group>"; };
		AFD3B00F2B2BBA05000BE69F /* SceneDelegate.swift */ = {isa = PBXFileReference; lastKnownFileType = sourcecode.swift; path = SceneDelegate.swift; sourceTree = "<group>"; };
		AFD3B0112B2BBA05000BE69F /* ViewController.swift */ = {isa = PBXFileReference; lastKnownFileType = sourcecode.swift; path = ViewController.swift; sourceTree = "<group>"; };
		AFD3B0142B2BBA05000BE69F /* Base */ = {isa = PBXFileReference; lastKnownFileType = file.storyboard; name = Base; path = Base.lproj/Main.storyboard; sourceTree = "<group>"; };
		AFD3B0162B2BBA07000BE69F /* Assets.xcassets */ = {isa = PBXFileReference; lastKnownFileType = folder.assetcatalog; path = Assets.xcassets; sourceTree = "<group>"; };
		AFD3B0192B2BBA07000BE69F /* Base */ = {isa = PBXFileReference; lastKnownFileType = file.storyboard; name = Base; path = Base.lproj/LaunchScreen.storyboard; sourceTree = "<group>"; };
		AFD3B01B2B2BBA08000BE69F /* Info.plist */ = {isa = PBXFileReference; lastKnownFileType = text.plist.xml; path = Info.plist; sourceTree = "<group>"; };
		AFD3B0212B2BD16B000BE69F /* NamePhoneNumberViewController.swift */ = {isa = PBXFileReference; lastKnownFileType = sourcecode.swift; path = NamePhoneNumberViewController.swift; sourceTree = "<group>"; };
		AFD3B0232B2BED27000BE69F /* SendNamePhoneNumberDelegate.swift */ = {isa = PBXFileReference; lastKnownFileType = sourcecode.swift; path = SendNamePhoneNumberDelegate.swift; sourceTree = "<group>"; };
/* End PBXFileReference section */

/* Begin PBXFrameworksBuildPhase section */
		AFD3B0072B2BBA05000BE69F /* Frameworks */ = {
			isa = PBXFrameworksBuildPhase;
			buildActionMask = 2147483647;
			files = (
			);
			runOnlyForDeploymentPostprocessing = 0;
		};
/* End PBXFrameworksBuildPhase section */

/* Begin PBXGroup section */
		AFD3B0012B2BBA05000BE69F = {
			isa = PBXGroup;
			children = (
				AFD3B00C2B2BBA05000BE69F /* NamePhoneNumberProtocolDelegate */,
				AFD3B00B2B2BBA05000BE69F /* Products */,
			);
			sourceTree = "<group>";
		};
		AFD3B00B2B2BBA05000BE69F /* Products */ = {
			isa = PBXGroup;
			children = (
				AFD3B00A2B2BBA05000BE69F /* NamePhoneNumberProtocolDelegate.app */,
			);
			name = Products;
			sourceTree = "<group>";
		};
		AFD3B00C2B2BBA05000BE69F /* NamePhoneNumberProtocolDelegate */ = {
			isa = PBXGroup;
			children = (
				AFD3B00D2B2BBA05000BE69F /* AppDelegate.swift */,
				AFD3B00F2B2BBA05000BE69F /* SceneDelegate.swift */,
				AFD3B0112B2BBA05000BE69F /* ViewController.swift */,
				AFD3B0132B2BBA05000BE69F /* Main.storyboard */,
				AFD3B0162B2BBA07000BE69F /* Assets.xcassets */,
				AFD3B0182B2BBA07000BE69F /* LaunchScreen.storyboard */,
				AFD3B01B2B2BBA08000BE69F /* Info.plist */,
				AFD3B0212B2BD16B000BE69F /* NamePhoneNumberViewController.swift */,
				AFD3B0232B2BED27000BE69F /* SendNamePhoneNumberDelegate.swift */,
			);
			path = NamePhoneNumberProtocolDelegate;
			sourceTree = "<group>";
		};
/* End PBXGroup section */

/* Begin PBXNativeTarget section */
		AFD3B0092B2BBA05000BE69F /* NamePhoneNumberProtocolDelegate */ = {
			isa = PBXNativeTarget;
			buildConfigurationList = AFD3B01E2B2BBA08000BE69F /* Build configuration list for PBXNativeTarget "NamePhoneNumberProtocolDelegate" */;
			buildPhases = (
				AFD3B0062B2BBA05000BE69F /* Sources */,
				AFD3B0072B2BBA05000BE69F /* Frameworks */,
				AFD3B0082B2BBA05000BE69F /* Resources */,
			);
			buildRules = (
			);
			dependencies = (
			);
			name = NamePhoneNumberProtocolDelegate;
			productName = NamePhoneNumberProtocolDelegate;
			productReference = AFD3B00A2B2BBA05000BE69F /* NamePhoneNumberProtocolDelegate.app */;
			productType = "com.apple.product-type.application";
		};
/* End PBXNativeTarget section */

/* Begin PBXProject section */
		AFD3B0022B2BBA05000BE69F /* Project object */ = {
			isa = PBXProject;
			attributes = {
				BuildIndependentTargetsInParallel = 1;
				LastSwiftUpdateCheck = 1430;
				LastUpgradeCheck = 1430;
				TargetAttributes = {
					AFD3B0092B2BBA05000BE69F = {
						CreatedOnToolsVersion = 14.3.1;
					};
				};
			};
			buildConfigurationList = AFD3B0052B2BBA05000BE69F /* Build configuration list for PBXProject "NamePhoneNumberProtocolDelegate" */;
			compatibilityVersion = "Xcode 14.0";
			developmentRegion = en;
			hasScannedForEncodings = 0;
			knownRegions = (
				en,
				Base,
			);
			mainGroup = AFD3B0012B2BBA05000BE69F;
			productRefGroup = AFD3B00B2B2BBA05000BE69F /* Products */;
			projectDirPath = "";
			projectRoot = "";
			targets = (
				AFD3B0092B2BBA05000BE69F /* NamePhoneNumberProtocolDelegate */,
			);
		};
/* End PBXProject section */

/* Begin PBXResourcesBuildPhase section */
		AFD3B0082B2BBA05000BE69F /* Resources */ = {
			isa = PBXResourcesBuildPhase;
			buildActionMask = 2147483647;
			files = (
				AFD3B01A2B2BBA07000BE69F /* LaunchScreen.storyboard in Resources */,
				AFD3B0172B2BBA07000BE69F /* Assets.xcassets in Resources */,
				AFD3B0152B2BBA05000BE69F /* Main.storyboard in Resources */,
			);
			runOnlyForDeploymentPostprocessing = 0;
		};
/* End PBXResourcesBuildPhase section */

/* Begin PBXSourcesBuildPhase section */
		AFD3B0062B2BBA05000BE69F /* Sources */ = {
			isa = PBXSourcesBuildPhase;
			buildActionMask = 2147483647;
			files = (
				AFD3B0122B2BBA05000BE69F /* ViewController.swift in Sources */,
				AFD3B0222B2BD16B000BE69F /* NamePhoneNumberViewController.swift in Sources */,
				AFD3B0242B2BED28000BE69F /* SendNamePhoneNumberDelegate.swift in Sources */,
				AFD3B00E2B2BBA05000BE69F /* AppDelegate.swift in Sources */,
				AFD3B0102B2BBA05000BE69F /* SceneDelegate.swift in Sources */,
			);
			runOnlyForDeploymentPostprocessing = 0;
		};
/* End PBXSourcesBuildPhase section */

/* Begin PBXVariantGroup section */
		AFD3B0132B2BBA05000BE69F /* Main.storyboard */ = {
			isa = PBXVariantGroup;
			children = (
				AFD3B0142B2BBA05000BE69F /* Base */,
			);
			name = Main.storyboard;
			sourceTree = "<group>";
		};
		AFD3B0182B2BBA07000BE69F /* LaunchScreen.storyboard */ = {
			isa = PBXVariantGroup;
			children = (
				AFD3B0192B2BBA07000BE69F /* Base */,
			);
			name = LaunchScreen.storyboard;
			sourceTree = "<group>";
		};
/* End PBXVariantGroup section */

/* Begin XCBuildConfiguration section */
		AFD3B01C2B2BBA08000BE69F /* Debug */ = {
			isa = XCBuildConfiguration;
			buildSettings = {
				ALWAYS_SEARCH_USER_PATHS = NO;
				CLANG_ANALYZER_NONNULL = YES;
				CLANG_ANALYZER_NUMBER_OBJECT_CONVERSION = YES_AGGRESSIVE;
				CLANG_CXX_LANGUAGE_STANDARD = "gnu++20";
				CLANG_ENABLE_MODULES = YES;
				CLANG_ENABLE_OBJC_ARC = YES;
				CLANG_ENABLE_OBJC_WEAK = YES;
				CLANG_WARN_BLOCK_CAPTURE_AUTORELEASING = YES;
				CLANG_WARN_BOOL_CONVERSION = YES;
				CLANG_WARN_COMMA = YES;
				CLANG_WARN_CONSTANT_CONVERSION = YES;
				CLANG_WARN_DEPRECATED_OBJC_IMPLEMENTATIONS = YES;
				CLANG_WARN_DIRECT_OBJC_ISA_USAGE = YES_ERROR;
				CLANG_WARN_DOCUMENTATION_COMMENTS = YES;
				CLANG_WARN_EMPTY_BODY = YES;
				CLANG_WARN_ENUM_CONVERSION = YES;
				CLANG_WARN_INFINITE_RECURSION = YES;
				CLANG_WARN_INT_CONVERSION = YES;
				CLANG_WARN_NON_LITERAL_NULL_CONVERSION = YES;
				CLANG_WARN_OBJC_IMPLICIT_RETAIN_SELF = YES;
				CLANG_WARN_OBJC_LITERAL_CONVERSION = YES;
				CLANG_WARN_OBJC_ROOT_CLASS = YES_ERROR;
				CLANG_WARN_QUOTED_INCLUDE_IN_FRAMEWORK_HEADER = YES;
				CLANG_WARN_RANGE_LOOP_ANALYSIS = YES;
				CLANG_WARN_STRICT_PROTOTYPES = YES;
				CLANG_WARN_SUSPICIOUS_MOVE = YES;
				CLANG_WARN_UNGUARDED_AVAILABILITY = YES_AGGRESSIVE;
				CLANG_WARN_UNREACHABLE_CODE = YES;
				CLANG_WARN__DUPLICATE_METHOD_MATCH = YES;
				COPY_PHASE_STRIP = NO;
				DEBUG_INFORMATION_FORMAT = dwarf;
				ENABLE_STRICT_OBJC_MSGSEND = YES;
				ENABLE_TESTABILITY = YES;
				GCC_C_LANGUAGE_STANDARD = gnu11;
				GCC_DYNAMIC_NO_PIC = NO;
				GCC_NO_COMMON_BLOCKS = YES;
				GCC_OPTIMIZATION_LEVEL = 0;
				GCC_PREPROCESSOR_DEFINITIONS = (
					"DEBUG=1",
					"$(inherited)",
				);
				GCC_WARN_64_TO_32_BIT_CONVERSION = YES;
				GCC_WARN_ABOUT_RETURN_TYPE = YES_ERROR;
				GCC_WARN_UNDECLARED_SELECTOR = YES;
				GCC_WARN_UNINITIALIZED_AUTOS = YES_AGGRESSIVE;
				GCC_WARN_UNUSED_FUNCTION = YES;
				GCC_WARN_UNUSED_VARIABLE = YES;
				IPHONEOS_DEPLOYMENT_TARGET = 16.4;
				MTL_ENABLE_DEBUG_INFO = INCLUDE_SOURCE;
				MTL_FAST_MATH = YES;
				ONLY_ACTIVE_ARCH = YES;
				SDKROOT = iphoneos;
				SWIFT_ACTIVE_COMPILATION_CONDITIONS = DEBUG;
				SWIFT_OPTIMIZATION_LEVEL = "-Onone";
			};
			name = Debug;
		};
		AFD3B01D2B2BBA08000BE69F /* Release */ = {
			isa = XCBuildConfiguration;
			buildSettings = {
				ALWAYS_SEARCH_USER_PATHS = NO;
				CLANG_ANALYZER_NONNULL = YES;
				CLANG_ANALYZER_NUMBER_OBJECT_CONVERSION = YES_AGGRESSIVE;
				CLANG_CXX_LANGUAGE_STANDARD = "gnu++20";
				CLANG_ENABLE_MODULES = YES;
				CLANG_ENABLE_OBJC_ARC = YES;
				CLANG_ENABLE_OBJC_WEAK = YES;
				CLANG_WARN_BLOCK_CAPTURE_AUTORELEASING = YES;
				CLANG_WARN_BOOL_CONVERSION = YES;
				CLANG_WARN_COMMA = YES;
				CLANG_WARN_CONSTANT_CONVERSION = YES;
				CLANG_WARN_DEPRECATED_OBJC_IMPLEMENTATIONS = YES;
				CLANG_WARN_DIRECT_OBJC_ISA_USAGE = YES_ERROR;
				CLANG_WARN_DOCUMENTATION_COMMENTS = YES;
				CLANG_WARN_EMPTY_BODY = YES;
				CLANG_WARN_ENUM_CONVERSION = YES;
				CLANG_WARN_INFINITE_RECURSION = YES;
				CLANG_WARN_INT_CONVERSION = YES;
				CLANG_WARN_NON_LITERAL_NULL_CONVERSION = YES;
				CLANG_WARN_OBJC_IMPLICIT_RETAIN_SELF = YES;
				CLANG_WARN_OBJC_LITERAL_CONVERSION = YES;
				CLANG_WARN_OBJC_ROOT_CLASS = YES_ERROR;
				CLANG_WARN_QUOTED_INCLUDE_IN_FRAMEWORK_HEADER = YES;
				CLANG_WARN_RANGE_LOOP_ANALYSIS = YES;
				CLANG_WARN_STRICT_PROTOTYPES = YES;
				CLANG_WARN_SUSPICIOUS_MOVE = YES;
				CLANG_WARN_UNGUARDED_AVAILABILITY = YES_AGGRESSIVE;
				CLANG_WARN_UNREACHABLE_CODE = YES;
				CLANG_WARN__DUPLICATE_METHOD_MATCH = YES;
				COPY_PHASE_STRIP = NO;
				DEBUG_INFORMATION_FORMAT = "dwarf-with-dsym";
				ENABLE_NS_ASSERTIONS = NO;
				ENABLE_STRICT_OBJC_MSGSEND = YES;
				GCC_C_LANGUAGE_STANDARD = gnu11;
				GCC_NO_COMMON_BLOCKS = YES;
				GCC_WARN_64_TO_32_BIT_CONVERSION = YES;
				GCC_WARN_ABOUT_RETURN_TYPE = YES_ERROR;
				GCC_WARN_UNDECLARED_SELECTOR = YES;
				GCC_WARN_UNINITIALIZED_AUTOS = YES_AGGRESSIVE;
				GCC_WARN_UNUSED_FUNCTION = YES;
				GCC_WARN_UNUSED_VARIABLE = YES;
				IPHONEOS_DEPLOYMENT_TARGET = 16.4;
				MTL_ENABLE_DEBUG_INFO = NO;
				MTL_FAST_MATH = YES;
				SDKROOT = iphoneos;
				SWIFT_COMPILATION_MODE = wholemodule;
				SWIFT_OPTIMIZATION_LEVEL = "-O";
				VALIDATE_PRODUCT = YES;
			};
			name = Release;
		};
		AFD3B01F2B2BBA08000BE69F /* Debug */ = {
			isa = XCBuildConfiguration;
			buildSettings = {
				ASSETCATALOG_COMPILER_APPICON_NAME = AppIcon;
				ASSETCATALOG_COMPILER_GLOBAL_ACCENT_COLOR_NAME = AccentColor;
				CODE_SIGN_STYLE = Automatic;
				CURRENT_PROJECT_VERSION = 1;
				GENERATE_INFOPLIST_FILE = YES;
				INFOPLIST_FILE = NamePhoneNumberProtocolDelegate/Info.plist;
				INFOPLIST_KEY_UIApplicationSupportsIndirectInputEvents = YES;
				INFOPLIST_KEY_UILaunchStoryboardName = LaunchScreen;
				INFOPLIST_KEY_UIMainStoryboardFile = Main;
				INFOPLIST_KEY_UISupportedInterfaceOrientations_iPad = "UIInterfaceOrientationPortrait UIInterfaceOrientationPortraitUpsideDown UIInterfaceOrientationLandscapeLeft UIInterfaceOrientationLandscapeRight";
				INFOPLIST_KEY_UISupportedInterfaceOrientations_iPhone = "UIInterfaceOrientationPortrait UIInterfaceOrientationLandscapeLeft UIInterfaceOrientationLandscapeRight";
				LD_RUNPATH_SEARCH_PATHS = (
					"$(inherited)",
					"@executable_path/Frameworks",
				);
				MARKETING_VERSION = 1.0;
				PRODUCT_BUNDLE_IDENTIFIER = edu.northeastern.bingchao.NamePhoneNumberProtocolDelegate;
				PRODUCT_NAME = "$(TARGET_NAME)";
				SWIFT_EMIT_LOC_STRINGS = YES;
				SWIFT_VERSION = 5.0;
				TARGETED_DEVICE_FAMILY = "1,2";
			};
			name = Debug;
		};
		AFD3B0202B2BBA08000BE69F /* Release */ = {
			isa = XCBuildConfiguration;
			buildSettings = {
				ASSETCATALOG_COMPILER_APPICON_NAME = AppIcon;
				ASSETCATALOG_COMPILER_GLOBAL_ACCENT_COLOR_NAME = AccentColor;
				CODE_SIGN_STYLE = Automatic;
				CURRENT_PROJECT_VERSION = 1;
				GENERATE_INFOPLIST_FILE = YES;
				INFOPLIST_FILE = NamePhoneNumberProtocolDelegate/Info.plist;
				INFOPLIST_KEY_UIApplicationSupportsIndirectInputEvents = YES;
				INFOPLIST_KEY_UILaunchStoryboardName = LaunchScreen;
				INFOPLIST_KEY_UIMainStoryboardFile = Main;
				INFOPLIST_KEY_UISupportedInterfaceOrientations_iPad = "UIInterfaceOrientationPortrait UIInterfaceOrientationPortraitUpsideDown UIInterfaceOrientationLandscapeLeft UIInterfaceOrientationLandscapeRight";
				INFOPLIST_KEY_UISupportedInterfaceOrientations_iPhone = "UIInterfaceOrientationPortrait UIInterfaceOrientationLandscapeLeft UIInterfaceOrientationLandscapeRight";
				LD_RUNPATH_SEARCH_PATHS = (
					"$(inherited)",
					"@executable_path/Frameworks",
				);
				MARKETING_VERSION = 1.0;
				PRODUCT_BUNDLE_IDENTIFIER = edu.northeastern.bingchao.NamePhoneNumberProtocolDelegate;
				PRODUCT_NAME = "$(TARGET_NAME)";
				SWIFT_EMIT_LOC_STRINGS = YES;
				SWIFT_VERSION = 5.0;
				TARGETED_DEVICE_FAMILY = "1,2";
			};
			name = Release;
		};
/* End XCBuildConfiguration section */

/* Begin XCConfigurationList section */
		AFD3B0052B2BBA05000BE69F /* Build configuration list for PBXProject "NamePhoneNumberProtocolDelegate" */ = {
			isa = XCConfigurationList;
			buildConfigurations = (
				AFD3B01C2B2BBA08000BE69F /* Debug */,
				AFD3B01D2B2BBA08000BE69F /* Release */,
			);
			defaultConfigurationIsVisible = 0;
			defaultConfigurationName = Release;
		};
		AFD3B01E2B2BBA08000BE69F /* Build configuration list for PBXNativeTarget "NamePhoneNumberProtocolDelegate" */ = {
			isa = XCConfigurationList;
			buildConfigurations = (
				AFD3B01F2B2BBA08000BE69F /* Debug */,
				AFD3B0202B2BBA08000BE69F /* Release */,
			);
			defaultConfigurationIsVisible = 0;
			defaultConfigurationName = Release;
		};
/* End XCConfigurationList section */
	};
	rootObject = AFD3B0022B2BBA05000BE69F /* Project object */;
}
